
Microsoft Visual Studio Solution File, Format Version 12.00
# Visual Studio Version 16
VisualStudioVersion = 16.0.31205.134
MinimumVisualStudioVersion = 10.0.40219.1
Project("{9A19103F-16F7-4668-BE54-9A1E7A4F7556}") = "MyWeatherForecast", "MyWeatherForecast.csproj", "{6DD50DE8-7BFC-4A25-9043-F06F4D5FD2EB}"
EndProject
Global
	GlobalSection(SolutionConfigurationPlatforms) = preSolution
		Debug|Any CPU = Debug|Any CPU
		Release|Any CPU = Release|Any CPU
	EndGlobalSection
	GlobalSection(ProjectConfigurationPlatforms) = postSolution
		{6DD50DE8-7BFC-4A25-9043-F06F4D5FD2EB}.Debug|Any CPU.ActiveCfg = Debug|Any CPU
		{6DD50DE8-7BFC-4A25-9043-F06F4D5FD2EB}.Debug|Any CPU.Build.0 = Debug|Any CPU
		{6DD50DE8-7BFC-4A25-9043-F06F4D5FD2EB}.Release|Any CPU.ActiveCfg = Release|Any CPU
		{6DD50DE8-7BFC-4A25-9043-F06F4D5FD2EB}.Release|Any CPU.Build.0 = Release|Any CPU
	EndGlobalSection
	GlobalSection(SolutionProperties) = preSolution
		HideSolutionNode = FALSE
	EndGlobalSection
	GlobalSection(ExtensibilityGlobals) = postSolution
		SolutionGuid = {50D556F9-E3AD-4B3E-9A20-4AB3A8996F98}
	EndGlobalSection
EndGlobal
